
Microsoft Visual Studio Solution File, Format Version 11.00
# Visual Studio 2010
Project("{8BC9CEB8-8B4A-11D0-8D11-00A0C91BC942}") = "ImageView", "code\ImageViewUI\ImageViewUI.vcxproj", "{1DFC9F07-D4E4-4E14-BCF9-72E9838524CB}"
EndProject
Project("{8BC9CEB8-8B4A-11D0-8D11-00A0C91BC942}") = "CxImageCrtDll", "code\cximage701_full\CxImage\CxImageDLL\CxImageCrtDll.vcxproj", "{771FDA7B-A299-4974-982D-8B77973C7896}"
EndProject
Project("{8BC9CEB8-8B4A-11D0-8D11-00A0C91BC942}") = "jasper", "code\cximage701_full\jasper\jasper.vcxproj", "{FFDA5DA1-BB65-4695-B678-BE59B4A1355D}"
EndProject
Project("{8BC9CEB8-8B4A-11D0-8D11-00A0C91BC942}") = "jbig", "code\cximage701_full\jbig\jbig.vcxproj", "{764C3A2D-FB0F-428E-B1C7-62D1DD2CE239}"
EndProject
Project("{8BC9CEB8-8B4A-11D0-8D11-00A0C91BC942}") = "Jpeg", "code\cximage701_full\jpeg\Jpeg.vcxproj", "{818753F2-DBB9-4D3B-898A-A604309BE470}"
EndProject
Project("{8BC9CEB8-8B4A-11D0-8D11-00A0C91BC942}") = "libpsd", "code\cximage701_full\libpsd\libpsd.vcxproj", "{0DEBB3CC-712B-4AC1-84DF-E2D9D7D5F859}"
EndProject
Project("{8BC9CEB8-8B4A-11D0-8D11-00A0C91BC942}") = "mng", "code\cximage701_full\mng\mng.vcxproj", "{40A69F40-063E-43FD-8543-455495D8733E}"
EndProject
Project("{8BC9CEB8-8B4A-11D0-8D11-00A0C91BC942}") = "png", "code\cximage701_full\png\png.vcxproj", "{43A0E60E-5C4A-4C09-A29B-7683F503BBD7}"
EndProject
Project("{8BC9CEB8-8B4A-11D0-8D11-00A0C91BC942}") = "libdcr", "code\cximage701_full\raw\libdcr.vcxproj", "{DF861D33-9BC1-418C-82B1-581F590FE169}"
EndProject
Project("{8BC9CEB8-8B4A-11D0-8D11-00A0C91BC942}") = "Tiff", "code\cximage701_full\tiff\Tiff.vcxproj", "{0588563C-F05C-428C-B21A-DD74756628B3}"
EndProject
Project("{8BC9CEB8-8B4A-11D0-8D11-00A0C91BC942}") = "zlib", "code\cximage701_full\zlib\zlib.vcxproj", "{7B53D2C7-1B4A-4A53-A7D3-E25B92470B81}"
EndProject
Project("{2150E333-8FDC-42A3-9474-1A3956D46DE8}") = "NewFolder1", "NewFolder1", "{82703A4A-7629-4292-973E-F24B51E5FF1F}"
EndProject
Global
	GlobalSection(SolutionConfigurationPlatforms) = preSolution
		Debug|Win32 = Debug|Win32
		Debug|x64 = Debug|x64
		DebugMT|Win32 = DebugMT|Win32
		DebugMT|x64 = DebugMT|x64
		Release|Win32 = Release|Win32
		Release|x64 = Release|x64
		ReleaseMT|Win32 = ReleaseMT|Win32
		ReleaseMT|x64 = ReleaseMT|x64
		Unicode Debug|Win32 = Unicode Debug|Win32
		Unicode Debug|x64 = Unicode Debug|x64
		Unicode Release|Win32 = Unicode Release|Win32
		Unicode Release|x64 = Unicode Release|x64
	EndGlobalSection
	GlobalSection(ProjectConfigurationPlatforms) = postSolution
		{1DFC9F07-D4E4-4E14-BCF9-72E9838524CB}.Debug|Win32.ActiveCfg = Debug|Win32
		{1DFC9F07-D4E4-4E14-BCF9-72E9838524CB}.Debug|Win32.Build.0 = Debug|Win32
		{1DFC9F07-D4E4-4E14-BCF9-72E9838524CB}.Debug|x64.ActiveCfg = Debug|Win32
		{1DFC9F07-D4E4-4E14-BCF9-72E9838524CB}.DebugMT|Win32.ActiveCfg = Debug|Win32
		{1DFC9F07-D4E4-4E14-BCF9-72E9838524CB}.DebugMT|Win32.Build.0 = Debug|Win32
		{1DFC9F07-D4E4-4E14-BCF9-72E9838524CB}.DebugMT|x64.ActiveCfg = Debug|Win32
		{1DFC9F07-D4E4-4E14-BCF9-72E9838524CB}.Release|Win32.ActiveCfg = Release|Win32
		{1DFC9F07-D4E4-4E14-BCF9-72E9838524CB}.Release|Win32.Build.0 = Release|Win32
		{1DFC9F07-D4E4-4E14-BCF9-72E9838524CB}.Release|x64.ActiveCfg = Release|Win32
		{1DFC9F07-D4E4-4E14-BCF9-72E9838524CB}.ReleaseMT|Win32.ActiveCfg = Release|Win32
		{1DFC9F07-D4E4-4E14-BCF9-72E9838524CB}.ReleaseMT|Win32.Build.0 = Release|Win32
		{1DFC9F07-D4E4-4E14-BCF9-72E9838524CB}.ReleaseMT|x64.ActiveCfg = Release|Win32
		{1DFC9F07-D4E4-4E14-BCF9-72E9838524CB}.Unicode Debug|Win32.ActiveCfg = Debug|Win32
		{1DFC9F07-D4E4-4E14-BCF9-72E9838524CB}.Unicode Debug|Win32.Build.0 = Debug|Win32
		{1DFC9F07-D4E4-4E14-BCF9-72E9838524CB}.Unicode Debug|x64.ActiveCfg = Debug|Win32
		{1DFC9F07-D4E4-4E14-BCF9-72E9838524CB}.Unicode Release|Win32.ActiveCfg = Release|Win32
		{1DFC9F07-D4E4-4E14-BCF9-72E9838524CB}.Unicode Release|Win32.Build.0 = Release|Win32
		{1DFC9F07-D4E4-4E14-BCF9-72E9838524CB}.Unicode Release|x64.ActiveCfg = Release|Win32
		{771FDA7B-A299-4974-982D-8B77973C7896}.Debug|Win32.ActiveCfg = Unicode Debug|Win32
		{771FDA7B-A299-4974-982D-8B77973C7896}.Debug|Win32.Build.0 = Unicode Debug|Win32
		{771FDA7B-A299-4974-982D-8B77973C7896}.Debug|x64.ActiveCfg = Debug|x64
		{771FDA7B-A299-4974-982D-8B77973C7896}.Debug|x64.Build.0 = Debug|x64
		{771FDA7B-A299-4974-982D-8B77973C7896}.DebugMT|Win32.ActiveCfg = Debug|x64
		{771FDA7B-A299-4974-982D-8B77973C7896}.DebugMT|x64.ActiveCfg = Debug|x64
		{771FDA7B-A299-4974-982D-8B77973C7896}.DebugMT|x64.Build.0 = Debug|x64
		{771FDA7B-A299-4974-982D-8B77973C7896}.Release|Win32.ActiveCfg = Unicode Release|Win32
		{771FDA7B-A299-4974-982D-8B77973C7896}.Release|Win32.Build.0 = Unicode Release|Win32
		{771FDA7B-A299-4974-982D-8B77973C7896}.Release|x64.ActiveCfg = Release|x64
		{771FDA7B-A299-4974-982D-8B77973C7896}.Release|x64.Build.0 = Release|x64
		{771FDA7B-A299-4974-982D-8B77973C7896}.ReleaseMT|Win32.ActiveCfg = Release|x64
		{771FDA7B-A299-4974-982D-8B77973C7896}.ReleaseMT|x64.ActiveCfg = Release|x64
		{771FDA7B-A299-4974-982D-8B77973C7896}.ReleaseMT|x64.Build.0 = Release|x64
		{771FDA7B-A299-4974-982D-8B77973C7896}.Unicode Debug|Win32.ActiveCfg = Unicode Debug|Win32
		{771FDA7B-A299-4974-982D-8B77973C7896}.Unicode Debug|Win32.Build.0 = Unicode Debug|Win32
		{771FDA7B-A299-4974-982D-8B77973C7896}.Unicode Debug|x64.ActiveCfg = Unicode Debug|x64
		{771FDA7B-A299-4974-982D-8B77973C7896}.Unicode Debug|x64.Build.0 = Unicode Debug|x64
		{771FDA7B-A299-4974-982D-8B77973C7896}.Unicode Release|Win32.ActiveCfg = Unicode Release|Win32
		{771FDA7B-A299-4974-982D-8B77973C7896}.Unicode Release|Win32.Build.0 = Unicode Release|Win32
		{771FDA7B-A299-4974-982D-8B77973C7896}.Unicode Release|x64.ActiveCfg = Unicode Release|x64
		{771FDA7B-A299-4974-982D-8B77973C7896}.Unicode Release|x64.Build.0 = Unicode Release|x64
		{FFDA5DA1-BB65-4695-B678-BE59B4A1355D}.Debug|Win32.ActiveCfg = Unicode Debug|Win32
		{FFDA5DA1-BB65-4695-B678-BE59B4A1355D}.Debug|Win32.Build.0 = Unicode Debug|Win32
		{FFDA5DA1-BB65-4695-B678-BE59B4A1355D}.Debug|x64.ActiveCfg = Debug|x64
		{FFDA5DA1-BB65-4695-B678-BE59B4A1355D}.Debug|x64.Build.0 = Debug|x64
		{FFDA5DA1-BB65-4695-B678-BE59B4A1355D}.DebugMT|Win32.ActiveCfg = Debug|x64
		{FFDA5DA1-BB65-4695-B678-BE59B4A1355D}.DebugMT|x64.ActiveCfg = Debug|x64
		{FFDA5DA1-BB65-4695-B678-BE59B4A1355D}.DebugMT|x64.Build.0 = Debug|x64
		{FFDA5DA1-BB65-4695-B678-BE59B4A1355D}.Release|Win32.ActiveCfg = Unicode Release|Win32
		{FFDA5DA1-BB65-4695-B678-BE59B4A1355D}.Release|Win32.Build.0 = Unicode Release|Win32
		{FFDA5DA1-BB65-4695-B678-BE59B4A1355D}.Release|x64.ActiveCfg = Release|x64
		{FFDA5DA1-BB65-4695-B678-BE59B4A1355D}.Release|x64.Build.0 = Release|x64
		{FFDA5DA1-BB65-4695-B678-BE59B4A1355D}.ReleaseMT|Win32.ActiveCfg = Release|x64
		{FFDA5DA1-BB65-4695-B678-BE59B4A1355D}.ReleaseMT|x64.ActiveCfg = Release|x64
		{FFDA5DA1-BB65-4695-B678-BE59B4A1355D}.ReleaseMT|x64.Build.0 = Release|x64
		{FFDA5DA1-BB65-4695-B678-BE59B4A1355D}.Unicode Debug|Win32.ActiveCfg = Unicode Debug|Win32
		{FFDA5DA1-BB65-4695-B678-BE59B4A1355D}.Unicode Debug|Win32.Build.0 = Unicode Debug|Win32
		{FFDA5DA1-BB65-4695-B678-BE59B4A1355D}.Unicode Debug|x64.ActiveCfg = Unicode Debug|x64
		{FFDA5DA1-BB65-4695-B678-BE59B4A1355D}.Unicode Debug|x64.Build.0 = Unicode Debug|x64
		{FFDA5DA1-BB65-4695-B678-BE59B4A1355D}.Unicode Release|Win32.ActiveCfg = Unicode Release|Win32
		{FFDA5DA1-BB65-4695-B678-BE59B4A1355D}.Unicode Release|Win32.Build.0 = Unicode Release|Win32
		{FFDA5DA1-BB65-4695-B678-BE59B4A1355D}.Unicode Release|x64.ActiveCfg = Unicode Release|x64
		{FFDA5DA1-BB65-4695-B678-BE59B4A1355D}.Unicode Release|x64.Build.0 = Unicode Release|x64
		{764C3A2D-FB0F-428E-B1C7-62D1DD2CE239}.Debug|Win32.ActiveCfg = Unicode Debug|Win32
		{764C3A2D-FB0F-428E-B1C7-62D1DD2CE239}.Debug|Win32.Build.0 = Unicode Debug|Win32
		{764C3A2D-FB0F-428E-B1C7-62D1DD2CE239}.Debug|x64.ActiveCfg = Debug|x64
		{764C3A2D-FB0F-428E-B1C7-62D1DD2CE239}.Debug|x64.Build.0 = Debug|x64
		{764C3A2D-FB0F-428E-B1C7-62D1DD2CE239}.DebugMT|Win32.ActiveCfg = Debug|x64
		{764C3A2D-FB0F-428E-B1C7-62D1DD2CE239}.DebugMT|x64.ActiveCfg = Debug|x64
		{764C3A2D-FB0F-428E-B1C7-62D1DD2CE239}.DebugMT|x64.Build.0 = Debug|x64
		{764C3A2D-FB0F-428E-B1C7-62D1DD2CE239}.Release|Win32.ActiveCfg = Unicode Release|Win32
		{764C3A2D-FB0F-428E-B1C7-62D1DD2CE239}.Release|Win32.Build.0 = Unicode Release|Win32
		{764C3A2D-FB0F-428E-B1C7-62D1DD2CE239}.Release|x64.ActiveCfg = Release|x64
		{764C3A2D-FB0F-428E-B1C7-62D1DD2CE239}.Release|x64.Build.0 = Release|x64
		{764C3A2D-FB0F-428E-B1C7-62D1DD2CE239}.ReleaseMT|Win32.ActiveCfg = Release|x64
		{764C3A2D-FB0F-428E-B1C7-62D1DD2CE239}.ReleaseMT|x64.ActiveCfg = Release|x64
		{764C3A2D-FB0F-428E-B1C7-62D1DD2CE239}.ReleaseMT|x64.Build.0 = Release|x64
		{764C3A2D-FB0F-428E-B1C7-62D1DD2CE239}.Unicode Debug|Win32.ActiveCfg = Unicode Debug|Win32
		{764C3A2D-FB0F-428E-B1C7-62D1DD2CE239}.Unicode Debug|Win32.Build.0 = Unicode Debug|Win32
		{764C3A2D-FB0F-428E-B1C7-62D1DD2CE239}.Unicode Debug|x64.ActiveCfg = Unicode Debug|x64
		{764C3A2D-FB0F-428E-B1C7-62D1DD2CE239}.Unicode Debug|x64.Build.0 = Unicode Debug|x64
		{764C3A2D-FB0F-428E-B1C7-62D1DD2CE239}.Unicode Release|Win32.ActiveCfg = Unicode Release|Win32
		{764C3A2D-FB0F-428E-B1C7-62D1DD2CE239}.Unicode Release|Win32.Build.0 = Unicode Release|Win32
		{764C3A2D-FB0F-428E-B1C7-62D1DD2CE239}.Unicode Release|x64.ActiveCfg = Unicode Release|x64
		{764C3A2D-FB0F-428E-B1C7-62D1DD2CE239}.Unicode Release|x64.Build.0 = Unicode Release|x64
		{818753F2-DBB9-4D3B-898A-A604309BE470}.Debug|Win32.ActiveCfg = Unicode Debug|Win32
		{818753F2-DBB9-4D3B-898A-A604309BE470}.Debug|Win32.Build.0 = Unicode Debug|Win32
		{818753F2-DBB9-4D3B-898A-A604309BE470}.Debug|x64.ActiveCfg = Debug|x64
		{818753F2-DBB9-4D3B-898A-A604309BE470}.Debug|x64.Build.0 = Debug|x64
		{818753F2-DBB9-4D3B-898A-A604309BE470}.DebugMT|Win32.ActiveCfg = Debug|x64
		{818753F2-DBB9-4D3B-898A-A604309BE470}.DebugMT|x64.ActiveCfg = Debug|x64
		{818753F2-DBB9-4D3B-898A-A604309BE470}.DebugMT|x64.Build.0 = Debug|x64
		{818753F2-DBB9-4D3B-898A-A604309BE470}.Release|Win32.ActiveCfg = Unicode Release|Win32
		{818753F2-DBB9-4D3B-898A-A604309BE470}.Release|Win32.Build.0 = Unicode Release|Win32
		{818753F2-DBB9-4D3B-898A-A604309BE470}.Release|x64.ActiveCfg = Release|x64
		{818753F2-DBB9-4D3B-898A-A604309BE470}.Release|x64.Build.0 = Release|x64
		{818753F2-DBB9-4D3B-898A-A604309BE470}.ReleaseMT|Win32.ActiveCfg = Release|x64
		{818753F2-DBB9-4D3B-898A-A604309BE470}.ReleaseMT|x64.ActiveCfg = Release|x64
		{818753F2-DBB9-4D3B-898A-A604309BE470}.ReleaseMT|x64.Build.0 = Release|x64
		{818753F2-DBB9-4D3B-898A-A604309BE470}.Unicode Debug|Win32.ActiveCfg = Unicode Debug|Win32
		{818753F2-DBB9-4D3B-898A-A604309BE470}.Unicode Debug|Win32.Build.0 = Unicode Debug|Win32
		{818753F2-DBB9-4D3B-898A-A604309BE470}.Unicode Debug|x64.ActiveCfg = Unicode Debug|x64
		{818753F2-DBB9-4D3B-898A-A604309BE470}.Unicode Debug|x64.Build.0 = Unicode Debug|x64
		{818753F2-DBB9-4D3B-898A-A604309BE470}.Unicode Release|Win32.ActiveCfg = Unicode Release|Win32
		{818753F2-DBB9-4D3B-898A-A604309BE470}.Unicode Release|Win32.Build.0 = Unicode Release|Win32
		{818753F2-DBB9-4D3B-898A-A604309BE470}.Unicode Release|x64.ActiveCfg = Unicode Release|x64
		{818753F2-DBB9-4D3B-898A-A604309BE470}.Unicode Release|x64.Build.0 = Unicode Release|x64
		{0DEBB3CC-712B-4AC1-84DF-E2D9D7D5F859}.Debug|Win32.ActiveCfg = Unicode Debug|Win32
		{0DEBB3CC-712B-4AC1-84DF-E2D9D7D5F859}.Debug|Win32.Build.0 = Unicode Debug|Win32
		{0DEBB3CC-712B-4AC1-84DF-E2D9D7D5F859}.Debug|x64.ActiveCfg = Debug|x64
		{0DEBB3CC-712B-4AC1-84DF-E2D9D7D5F859}.Debug|x64.Build.0 = Debug|x64
		{0DEBB3CC-712B-4AC1-84DF-E2D9D7D5F859}.DebugMT|Win32.ActiveCfg = Debug|x64
		{0DEBB3CC-712B-4AC1-84DF-E2D9D7D5F859}.DebugMT|x64.ActiveCfg = Debug|x64
		{0DEBB3CC-712B-4AC1-84DF-E2D9D7D5F859}.DebugMT|x64.Build.0 = Debug|x64
		{0DEBB3CC-712B-4AC1-84DF-E2D9D7D5F859}.Release|Win32.ActiveCfg = Unicode Release|Win32
		{0DEBB3CC-712B-4AC1-84DF-E2D9D7D5F859}.Release|Win32.Build.0 = Unicode Release|Win32
		{0DEBB3CC-712B-4AC1-84DF-E2D9D7D5F859}.Release|x64.ActiveCfg = Release|x64
		{0DEBB3CC-712B-4AC1-84DF-E2D9D7D5F859}.Release|x64.Build.0 = Release|x64
		{0DEBB3CC-712B-4AC1-84DF-E2D9D7D5F859}.ReleaseMT|Win32.ActiveCfg = Release|x64
		{0DEBB3CC-712B-4AC1-84DF-E2D9D7D5F859}.ReleaseMT|x64.ActiveCfg = Release|x64
		{0DEBB3CC-712B-4AC1-84DF-E2D9D7D5F859}.ReleaseMT|x64.Build.0 = Release|x64
		{0DEBB3CC-712B-4AC1-84DF-E2D9D7D5F859}.Unicode Debug|Win32.ActiveCfg = Unicode Debug|Win32
		{0DEBB3CC-712B-4AC1-84DF-E2D9D7D5F859}.Unicode Debug|Win32.Build.0 = Unicode Debug|Win32
		{0DEBB3CC-712B-4AC1-84DF-E2D9D7D5F859}.Unicode Debug|x64.ActiveCfg = Unicode Debug|x64
		{0DEBB3CC-712B-4AC1-84DF-E2D9D7D5F859}.Unicode Debug|x64.Build.0 = Unicode Debug|x64
		{0DEBB3CC-712B-4AC1-84DF-E2D9D7D5F859}.Unicode Release|Win32.ActiveCfg = Unicode Release|Win32
		{0DEBB3CC-712B-4AC1-84DF-E2D9D7D5F859}.Unicode Release|Win32.Build.0 = Unicode Release|Win32
		{0DEBB3CC-712B-4AC1-84DF-E2D9D7D5F859}.Unicode Release|x64.ActiveCfg = Unicode Release|x64
		{0DEBB3CC-712B-4AC1-84DF-E2D9D7D5F859}.Unicode Release|x64.Build.0 = Unicode Release|x64
		{40A69F40-063E-43FD-8543-455495D8733E}.Debug|Win32.ActiveCfg = Unicode Debug|Win32
		{40A69F40-063E-43FD-8543-455495D8733E}.Debug|Win32.Build.0 = Unicode Debug|Win32
		{40A69F40-063E-43FD-8543-455495D8733E}.Debug|x64.ActiveCfg = Debug|x64
		{40A69F40-063E-43FD-8543-455495D8733E}.Debug|x64.Build.0 = Debug|x64
		{40A69F40-063E-43FD-8543-455495D8733E}.DebugMT|Win32.ActiveCfg = Debug|x64
		{40A69F40-063E-43FD-8543-455495D8733E}.DebugMT|x64.ActiveCfg = Debug|x64
		{40A69F40-063E-43FD-8543-455495D8733E}.DebugMT|x64.Build.0 = Debug|x64
		{40A69F40-063E-43FD-8543-455495D8733E}.Release|Win32.ActiveCfg = Unicode Release|Win32
		{40A69F40-063E-43FD-8543-455495D8733E}.Release|Win32.Build.0 = Unicode Release|Win32
		{40A69F40-063E-43FD-8543-455495D8733E}.Release|x64.ActiveCfg = Release|x64
		{40A69F40-063E-43FD-8543-455495D8733E}.Release|x64.Build.0 = Release|x64
		{40A69F40-063E-43FD-8543-455495D8733E}.ReleaseMT|Win32.ActiveCfg = Release|x64
		{40A69F40-063E-43FD-8543-455495D8733E}.ReleaseMT|x64.ActiveCfg = Release|x64
		{40A69F40-063E-43FD-8543-455495D8733E}.ReleaseMT|x64.Build.0 = Release|x64
		{40A69F40-063E-43FD-8543-455495D8733E}.Unicode Debug|Win32.ActiveCfg = Unicode Debug|Win32
		{40A69F40-063E-43FD-8543-455495D8733E}.Unicode Debug|Win32.Build.0 = Unicode Debug|Win32
		{40A69F40-063E-43FD-8543-455495D8733E}.Unicode Debug|x64.ActiveCfg = Unicode Debug|x64
		{40A69F40-063E-43FD-8543-455495D8733E}.Unicode Debug|x64.Build.0 = Unicode Debug|x64
		{40A69F40-063E-43FD-8543-455495D8733E}.Unicode Release|Win32.ActiveCfg = Unicode Release|Win32
		{40A69F40-063E-43FD-8543-455495D8733E}.Unicode Release|Win32.Build.0 = Unicode Release|Win32
		{40A69F40-063E-43FD-8543-455495D8733E}.Unicode Release|x64.ActiveCfg = Unicode Release|x64
		{40A69F40-063E-43FD-8543-455495D8733E}.Unicode Release|x64.Build.0 = Unicode Release|x64
		{43A0E60E-5C4A-4C09-A29B-7683F503BBD7}.Debug|Win32.ActiveCfg = Unicode Debug|Win32
		{43A0E60E-5C4A-4C09-A29B-7683F503BBD7}.Debug|Win32.Build.0 = Unicode Debug|Win32
		{43A0E60E-5C4A-4C09-A29B-7683F503BBD7}.Debug|x64.ActiveCfg = Debug|x64
		{43A0E60E-5C4A-4C09-A29B-7683F503BBD7}.Debug|x64.Build.0 = Debug|x64
		{43A0E60E-5C4A-4C09-A29B-7683F503BBD7}.DebugMT|Win32.ActiveCfg = Debug|x64
		{43A0E60E-5C4A-4C09-A29B-7683F503BBD7}.DebugMT|x64.ActiveCfg = Debug|x64
		{43A0E60E-5C4A-4C09-A29B-7683F503BBD7}.DebugMT|x64.Build.0 = Debug|x64
		{43A0E60E-5C4A-4C09-A29B-7683F503BBD7}.Release|Win32.ActiveCfg = Unicode Release|Win32
		{43A0E60E-5C4A-4C09-A29B-7683F503BBD7}.Release|Win32.Build.0 = Unicode Release|Win32
		{43A0E60E-5C4A-4C09-A29B-7683F503BBD7}.Release|x64.ActiveCfg = Release|x64
		{43A0E60E-5C4A-4C09-A29B-7683F503BBD7}.Release|x64.Build.0 = Release|x64
		{43A0E60E-5C4A-4C09-A29B-7683F503BBD7}.ReleaseMT|Win32.ActiveCfg = Release|x64
		{43A0E60E-5C4A-4C09-A29B-7683F503BBD7}.ReleaseMT|x64.ActiveCfg = Release|x64
		{43A0E60E-5C4A-4C09-A29B-7683F503BBD7}.ReleaseMT|x64.Build.0 = Release|x64
		{43A0E60E-5C4A-4C09-A29B-7683F503BBD7}.Unicode Debug|Win32.ActiveCfg = Unicode Debug|Win32
		{43A0E60E-5C4A-4C09-A29B-7683F503BBD7}.Unicode Debug|Win32.Build.0 = Unicode Debug|Win32
		{43A0E60E-5C4A-4C09-A29B-7683F503BBD7}.Unicode Debug|x64.ActiveCfg = Unicode Debug|x64
		{43A0E60E-5C4A-4C09-A29B-7683F503BBD7}.Unicode Debug|x64.Build.0 = Unicode Debug|x64
		{43A0E60E-5C4A-4C09-A29B-7683F503BBD7}.Unicode Release|Win32.ActiveCfg = Unicode Release|Win32
		{43A0E60E-5C4A-4C09-A29B-7683F503BBD7}.Unicode Release|Win32.Build.0 = Unicode Release|Win32
		{43A0E60E-5C4A-4C09-A29B-7683F503BBD7}.Unicode Release|x64.ActiveCfg = Unicode Release|x64
		{43A0E60E-5C4A-4C09-A29B-7683F503BBD7}.Unicode Release|x64.Build.0 = Unicode Release|x64
		{DF861D33-9BC1-418C-82B1-581F590FE169}.Debug|Win32.ActiveCfg = Unicode Debug|Win32
		{DF861D33-9BC1-418C-82B1-581F590FE169}.Debug|Win32.Build.0 = Unicode Debug|Win32
		{DF861D33-9BC1-418C-82B1-581F590FE169}.Debug|x64.ActiveCfg = Debug|x64
		{DF861D33-9BC1-418C-82B1-581F590FE169}.Debug|x64.Build.0 = Debug|x64
		{DF861D33-9BC1-418C-82B1-581F590FE169}.DebugMT|Win32.ActiveCfg = Debug|x64
		{DF861D33-9BC1-418C-82B1-581F590FE169}.DebugMT|x64.ActiveCfg = Debug|x64
		{DF861D33-9BC1-418C-82B1-581F590FE169}.DebugMT|x64.Build.0 = Debug|x64
		{DF861D33-9BC1-418C-82B1-581F590FE169}.Release|Win32.ActiveCfg = Unicode Release|Win32
		{DF861D33-9BC1-418C-82B1-581F590FE169}.Release|Win32.Build.0 = Unicode Release|Win32
		{DF861D33-9BC1-418C-82B1-581F590FE169}.Release|x64.ActiveCfg = Release|x64
		{DF861D33-9BC1-418C-82B1-581F590FE169}.Release|x64.Build.0 = Release|x64
		{DF861D33-9BC1-418C-82B1-581F590FE169}.ReleaseMT|Win32.ActiveCfg = Release|x64
		{DF861D33-9BC1-418C-82B1-581F590FE169}.ReleaseMT|x64.ActiveCfg = Release|x64
		{DF861D33-9BC1-418C-82B1-581F590FE169}.ReleaseMT|x64.Build.0 = Release|x64
		{DF861D33-9BC1-418C-82B1-581F590FE169}.Unicode Debug|Win32.ActiveCfg = Unicode Debug|Win32
		{DF861D33-9BC1-418C-82B1-581F590FE169}.Unicode Debug|Win32.Build.0 = Unicode Debug|Win32
		{DF861D33-9BC1-418C-82B1-581F590FE169}.Unicode Debug|x64.ActiveCfg = Unicode Debug|x64
		{DF861D33-9BC1-418C-82B1-581F590FE169}.Unicode Debug|x64.Build.0 = Unicode Debug|x64
		{DF861D33-9BC1-418C-82B1-581F590FE169}.Unicode Release|Win32.ActiveCfg = Unicode Release|Win32
		{DF861D33-9BC1-418C-82B1-581F590FE169}.Unicode Release|Win32.Build.0 = Unicode Release|Win32
		{DF861D33-9BC1-418C-82B1-581F590FE169}.Unicode Release|x64.ActiveCfg = Unicode Release|x64
		{DF861D33-9BC1-418C-82B1-581F590FE169}.Unicode Release|x64.Build.0 = Unicode Release|x64
		{0588563C-F05C-428C-B21A-DD74756628B3}.Debug|Win32.ActiveCfg = Unicode Debug|Win32
		{0588563C-F05C-428C-B21A-DD74756628B3}.Debug|Win32.Build.0 = Unicode Debug|Win32
		{0588563C-F05C-428C-B21A-DD74756628B3}.Debug|x64.ActiveCfg = Debug|x64
		{0588563C-F05C-428C-B21A-DD74756628B3}.Debug|x64.Build.0 = Debug|x64
		{0588563C-F05C-428C-B21A-DD74756628B3}.DebugMT|Win32.ActiveCfg = Debug|x64
		{0588563C-F05C-428C-B21A-DD74756628B3}.DebugMT|x64.ActiveCfg = Debug|x64
		{0588563C-F05C-428C-B21A-DD74756628B3}.DebugMT|x64.Build.0 = Debug|x64
		{0588563C-F05C-428C-B21A-DD74756628B3}.Release|Win32.ActiveCfg = Unicode Release|Win32
		{0588563C-F05C-428C-B21A-DD74756628B3}.Release|Win32.Build.0 = Unicode Release|Win32
		{0588563C-F05C-428C-B21A-DD74756628B3}.Release|x64.ActiveCfg = Release|x64
		{0588563C-F05C-428C-B21A-DD74756628B3}.Release|x64.Build.0 = Release|x64
		{0588563C-F05C-428C-B21A-DD74756628B3}.ReleaseMT|Win32.ActiveCfg = Release|x64
		{0588563C-F05C-428C-B21A-DD74756628B3}.ReleaseMT|x64.ActiveCfg = Release|x64
		{0588563C-F05C-428C-B21A-DD74756628B3}.ReleaseMT|x64.Build.0 = Release|x64
		{0588563C-F05C-428C-B21A-DD74756628B3}.Unicode Debug|Win32.ActiveCfg = Unicode Debug|Win32
		{0588563C-F05C-428C-B21A-DD74756628B3}.Unicode Debug|Win32.Build.0 = Unicode Debug|Win32
		{0588563C-F05C-428C-B21A-DD74756628B3}.Unicode Debug|x64.ActiveCfg = Unicode Debug|x64
		{0588563C-F05C-428C-B21A-DD74756628B3}.Unicode Debug|x64.Build.0 = Unicode Debug|x64
		{0588563C-F05C-428C-B21A-DD74756628B3}.Unicode Release|Win32.ActiveCfg = Unicode Release|Win32
		{0588563C-F05C-428C-B21A-DD74756628B3}.Unicode Release|Win32.Build.0 = Unicode Release|Win32
		{0588563C-F05C-428C-B21A-DD74756628B3}.Unicode Release|x64.ActiveCfg = Unicode Release|x64
		{0588563C-F05C-428C-B21A-DD74756628B3}.Unicode Release|x64.Build.0 = Unicode Release|x64
		{7B53D2C7-1B4A-4A53-A7D3-E25B92470B81}.Debug|Win32.ActiveCfg = Unicode Debug|Win32
		{7B53D2C7-1B4A-4A53-A7D3-E25B92470B81}.Debug|Win32.Build.0 = Unicode Debug|Win32
		{7B53D2C7-1B4A-4A53-A7D3-E25B92470B81}.Debug|x64.ActiveCfg = Debug|x64
		{7B53D2C7-1B4A-4A53-A7D3-E25B92470B81}.Debug|x64.Build.0 = Debug|x64
		{7B53D2C7-1B4A-4A53-A7D3-E25B92470B81}.DebugMT|Win32.ActiveCfg = Debug|x64
		{7B53D2C7-1B4A-4A53-A7D3-E25B92470B81}.DebugMT|x64.ActiveCfg = Debug|x64
		{7B53D2C7-1B4A-4A53-A7D3-E25B92470B81}.DebugMT|x64.Build.0 = Debug|x64
		{7B53D2C7-1B4A-4A53-A7D3-E25B92470B81}.Release|Win32.ActiveCfg = Unicode Release|Win32
		{7B53D2C7-1B4A-4A53-A7D3-E25B92470B81}.Release|Win32.Build.0 = Unicode Release|Win32
		{7B53D2C7-1B4A-4A53-A7D3-E25B92470B81}.Release|x64.ActiveCfg = Release|x64
		{7B53D2C7-1B4A-4A53-A7D3-E25B92470B81}.Release|x64.Build.0 = Release|x64
		{7B53D2C7-1B4A-4A53-A7D3-E25B92470B81}.ReleaseMT|Win32.ActiveCfg = Release|x64
		{7B53D2C7-1B4A-4A53-A7D3-E25B92470B81}.ReleaseMT|x64.ActiveCfg = Release|x64
		{7B53D2C7-1B4A-4A53-A7D3-E25B92470B81}.ReleaseMT|x64.Build.0 = Release|x64
		{7B53D2C7-1B4A-4A53-A7D3-E25B92470B81}.Unicode Debug|Win32.ActiveCfg = Unicode Debug|Win32
		{7B53D2C7-1B4A-4A53-A7D3-E25B92470B81}.Unicode Debug|Win32.Build.0 = Unicode Debug|Win32
		{7B53D2C7-1B4A-4A53-A7D3-E25B92470B81}.Unicode Debug|x64.ActiveCfg = Unicode Debug|x64
		{7B53D2C7-1B4A-4A53-A7D3-E25B92470B81}.Unicode Debug|x64.Build.0 = Unicode Debug|x64
		{7B53D2C7-1B4A-4A53-A7D3-E25B92470B81}.Unicode Release|Win32.ActiveCfg = Unicode Release|Win32
		{7B53D2C7-1B4A-4A53-A7D3-E25B92470B81}.Unicode Release|Win32.Build.0 = Unicode Release|Win32
		{7B53D2C7-1B4A-4A53-A7D3-E25B92470B81}.Unicode Release|x64.ActiveCfg = Unicode Release|x64
		{7B53D2C7-1B4A-4A53-A7D3-E25B92470B81}.Unicode Release|x64.Build.0 = Unicode Release|x64
	EndGlobalSection
	GlobalSection(SolutionProperties) = preSolution
		HideSolutionNode = FALSE
	EndGlobalSection
	GlobalSection(NestedProjects) = preSolution
		{818753F2-DBB9-4D3B-898A-A604309BE470} = {82703A4A-7629-4292-973E-F24B51E5FF1F}
		{7B53D2C7-1B4A-4A53-A7D3-E25B92470B81} = {82703A4A-7629-4292-973E-F24B51E5FF1F}
		{DF861D33-9BC1-418C-82B1-581F590FE169} = {82703A4A-7629-4292-973E-F24B51E5FF1F}
		{0DEBB3CC-712B-4AC1-84DF-E2D9D7D5F859} = {82703A4A-7629-4292-973E-F24B51E5FF1F}
		{40A69F40-063E-43FD-8543-455495D8733E} = {82703A4A-7629-4292-973E-F24B51E5FF1F}
		{43A0E60E-5C4A-4C09-A29B-7683F503BBD7} = {82703A4A-7629-4292-973E-F24B51E5FF1F}
		{0588563C-F05C-428C-B21A-DD74756628B3} = {82703A4A-7629-4292-973E-F24B51E5FF1F}
		{771FDA7B-A299-4974-982D-8B77973C7896} = {82703A4A-7629-4292-973E-F24B51E5FF1F}
		{FFDA5DA1-BB65-4695-B678-BE59B4A1355D} = {82703A4A-7629-4292-973E-F24B51E5FF1F}
		{764C3A2D-FB0F-428E-B1C7-62D1DD2CE239} = {82703A4A-7629-4292-973E-F24B51E5FF1F}
	EndGlobalSection
EndGlobal
